schema: '2.0'
stages:
  prepare:
    cmd: python src/prepare.py
    outs:
    - path: src/submod_git
      md5: 1cc108f2272374517f05856983f547c2
      size: 54
  train:
    cmd: python src/train_yolo.py
    deps:
    - path: data/train/images/
      md5: d7f522c4eacd4240d3c597526495602a.dir
      size: 5400566
      nfiles: 75
    - path: src/submod_git
      md5: 1cc108f2272374517f05856983f547c2
      size: 54
    - path: src/train_yolo.py
      md5: fb34975d5a8ee1afd070cf23a9a5b875
      size: 1246
    params:
      params.yaml:
        train.batch_size: 4
        train.epochs: 1
    outs:
    - path: models/
      md5: 5189dbd524cf87c6804413db9b440c8a.dir
      size: 14429506
      nfiles: 2
  install_requirements:
    cmd: pip install -r src/requirements_yolo_updated.txt --extra-index-url https://download.pytorch.org/whl/cu116
    deps:
    - path: src/requirements_yolo_updated.txt
      md5: f16c8d5da063ac6010600f951526ea74
      size: 1294
  validate:
    cmd: python src/val_yolo.py
    deps:
    - path: data/valid/images/
      md5: 63ffe70257ff2d32976a967293263177.dir
      size: 1128509
      nfiles: 21
    - path: models/
      md5: 5189dbd524cf87c6804413db9b440c8a.dir
      size: 14429506
      nfiles: 2
    - path: src/submod_git
      md5: 1cc108f2272374517f05856983f547c2
      size: 54
    - path: src/val_yolo.py
      md5: 0b7d74c5df43084653ed00ab11adee60
      size: 2141
    params:
      params.yaml:
        validate.conf_thres: 0.3
        validate.iou_thres: 0.5
  download:
    cmd: aws --endpoint-url http://jensen.etit.tu-chemnitz.de:9010 s3 cp s3://openalpr/eec6e1da4255/OpenALPR/JPEGImages/
      data --recursive
    outs:
    - path: data/train/images/
      md5: d7f522c4eacd4240d3c597526495602a.dir
      size: 5400566
      nfiles: 75
    - path: data/valid/images/
      md5: 63ffe70257ff2d32976a967293263177.dir
      size: 1128509
      nfiles: 21
